// !$*UTF8*$!
{
	archiveVersion = 1;
	classes = {
	};
	objectVersion = 56;
	objects = {

/* Begin PBXBuildFile section */
		D865EE3229B5112700BB4AE7 /* AppDelegate.m in Sources */ = {isa = PBXBuildFile; fileRef = D865EE3129B5112700BB4AE7 /* AppDelegate.m */; };
		D865EE3529B5112700BB4AE7 /* SceneDelegate.m in Sources */ = {isa = PBXBuildFile; fileRef = D865EE3429B5112700BB4AE7 /* SceneDelegate.m */; };
		D865EE3829B5112700BB4AE7 /* ViewController.m in Sources */ = {isa = PBXBuildFile; fileRef = D865EE3729B5112700BB4AE7 /* ViewController.m */; settings = {COMPILER_FLAGS = "-fno-objc-arc"; }; };
		D865EE3B29B5112700BB4AE7 /* Main.storyboard in Resources */ = {isa = PBXBuildFile; fileRef = D865EE3929B5112700BB4AE7 /* Main.storyboard */; };
		D865EE3D29B5112800BB4AE7 /* Assets.xcassets in Resources */ = {isa = PBXBuildFile; fileRef = D865EE3C29B5112800BB4AE7 /* Assets.xcassets */; };
		D865EE4029B5112800BB4AE7 /* LaunchScreen.storyboard in Resources */ = {isa = PBXBuildFile; fileRef = D865EE3E29B5112800BB4AE7 /* LaunchScreen.storyboard */; };
		D865EE4329B5112800BB4AE7 /* main.m in Sources */ = {isa = PBXBuildFile; fileRef = D865EE4229B5112800BB4AE7 /* main.m */; };
		D865EE4E29B5249100BB4AE7 /* MyMutableArray.m in Sources */ = {isa = PBXBuildFile; fileRef = D865EE4D29B5249100BB4AE7 /* MyMutableArray.m */; settings = {COMPILER_FLAGS = "-fno-objc-arc"; }; };
/* End PBXBuildFile section */

/* Begin PBXFileReference section */
		D865EE2D29B5112700BB4AE7 /* ManualRetainRelease4.app */ = {isa = PBXFileReference; explicitFileType = wrapper.application; includeInIndex = 0; path = ManualRetainRelease4.app; sourceTree = BUILT_PRODUCTS_DIR; };
		D865EE3029B5112700BB4AE7 /* AppDelegate.h */ = {isa = PBXFileReference; lastKnownFileType = sourcecode.c.h; path = AppDelegate.h; sourceTree = "<group>"; };
		D865EE3129B5112700BB4AE7 /* AppDelegate.m */ = {isa = PBXFileReference; lastKnownFileType = sourcecode.c.objc; path = AppDelegate.m; sourceTree = "<group>"; };
		D865EE3329B5112700BB4AE7 /* SceneDelegate.h */ = {isa = PBXFileReference; lastKnownFileType = sourcecode.c.h; path = SceneDelegate.h; sourceTree = "<group>"; };
		D865EE3429B5112700BB4AE7 /* SceneDelegate.m */ = {isa = PBXFileReference; lastKnownFileType = sourcecode.c.objc; path = SceneDelegate.m; sourceTree = "<group>"; };
		D865EE3629B5112700BB4AE7 /* ViewController.h */ = {isa = PBXFileReference; lastKnownFileType = sourcecode.c.h; path = ViewController.h; sourceTree = "<group>"; };
		D865EE3729B5112700BB4AE7 /* ViewController.m */ = {isa = PBXFileReference; lastKnownFileType = sourcecode.c.objc; path = ViewController.m; sourceTree = "<group>"; };
		D865EE3A29B5112700BB4AE7 /* Base */ = {isa = PBXFileReference; lastKnownFileType = file.storyboard; name = Base; path = Base.lproj/Main.storyboard; sourceTree = "<group>"; };
		D865EE3C29B5112800BB4AE7 /* Assets.xcassets */ = {isa = PBXFileReference; lastKnownFileType = folder.assetcatalog; path = Assets.xcassets; sourceTree = "<group>"; };
		D865EE3F29B5112800BB4AE7 /* Base */ = {isa = PBXFileReference; lastKnownFileType = file.storyboard; name = Base; path = Base.lproj/LaunchScreen.storyboard; sourceTree = "<group>"; };
		D865EE4129B5112800BB4AE7 /* Info.plist */ = {isa = PBXFileReference; lastKnownFileType = text.plist.xml; path = Info.plist; sourceTree = "<group>"; };
		D865EE4229B5112800BB4AE7 /* main.m */ = {isa = PBXFileReference; lastKnownFileType = sourcecode.c.objc; path = main.m; sourceTree = "<group>"; };
		D865EE4C29B5247D00BB4AE7 /* MyMutableArray.h */ = {isa = PBXFileReference; lastKnownFileType = sourcecode.c.h; path = MyMutableArray.h; sourceTree = "<group>"; };
		D865EE4D29B5249100BB4AE7 /* MyMutableArray.m */ = {isa = PBXFileReference; lastKnownFileType = sourcecode.c.objc; path = MyMutableArray.m; sourceTree = "<group>"; };
/* End PBXFileReference section */

/* Begin PBXFrameworksBuildPhase section */
		D865EE2A29B5112700BB4AE7 /* Frameworks */ = {
			isa = PBXFrameworksBuildPhase;
			buildActionMask = 2147483647;
			files = (
			);
			runOnlyForDeploymentPostprocessing = 0;
		};
/* End PBXFrameworksBuildPhase section */

/* Begin PBXGroup section */
		D865EE2429B5112700BB4AE7 = {
			isa = PBXGroup;
			children = (
				D865EE2F29B5112700BB4AE7 /* ManualRetainRelease4 */,
				D865EE2E29B5112700BB4AE7 /* Products */,
			);
			sourceTree = "<group>";
		};
		D865EE2E29B5112700BB4AE7 /* Products */ = {
			isa = PBXGroup;
			children = (
				D865EE2D29B5112700BB4AE7 /* ManualRetainRelease4.app */,
			);
			name = Products;
			sourceTree = "<group>";
		};
		D865EE2F29B5112700BB4AE7 /* ManualRetainRelease4 */ = {
			isa = PBXGroup;
			children = (
				D865EE3029B5112700BB4AE7 /* AppDelegate.h */,
				D865EE3129B5112700BB4AE7 /* AppDelegate.m */,
				D865EE3329B5112700BB4AE7 /* SceneDelegate.h */,
				D865EE3429B5112700BB4AE7 /* SceneDelegate.m */,
				D865EE3629B5112700BB4AE7 /* ViewController.h */,
				D865EE3729B5112700BB4AE7 /* ViewController.m */,
				D865EE3929B5112700BB4AE7 /* Main.storyboard */,
				D865EE3C29B5112800BB4AE7 /* Assets.xcassets */,
				D865EE3E29B5112800BB4AE7 /* LaunchScreen.storyboard */,
				D865EE4129B5112800BB4AE7 /* Info.plist */,
				D865EE4229B5112800BB4AE7 /* main.m */,
				D865EE4C29B5247D00BB4AE7 /* MyMutableArray.h */,
				D865EE4D29B5249100BB4AE7 /* MyMutableArray.m */,
			);
			path = ManualRetainRelease4;
			sourceTree = "<group>";
		};
/* End PBXGroup section */

/* Begin PBXNativeTarget section */
		D865EE2C29B5112700BB4AE7 /* ManualRetainRelease4 */ = {
			isa = PBXNativeTarget;
			buildConfigurationList = D865EE4629B5112800BB4AE7 /* Build configuration list for PBXNativeTarget "ManualRetainRelease4" */;
			buildPhases = (
				D865EE2929B5112700BB4AE7 /* Sources */,
				D865EE2A29B5112700BB4AE7 /* Frameworks */,
				D865EE2B29B5112700BB4AE7 /* Resources */,
			);
			buildRules = (
			);
			dependencies = (
			);
			name = ManualRetainRelease4;
			productName = ManualRetainRelease4;
			productReference = D865EE2D29B5112700BB4AE7 /* ManualRetainRelease4.app */;
			productType = "com.apple.product-type.application";
		};
/* End PBXNativeTarget section */

/* Begin PBXProject section */
		D865EE2529B5112700BB4AE7 /* Project object */ = {
			isa = PBXProject;
			attributes = {
				BuildIndependentTargetsInParallel = 1;
				LastUpgradeCheck = 1420;
				TargetAttributes = {
					D865EE2C29B5112700BB4AE7 = {
						CreatedOnToolsVersion = 14.2;
					};
				};
			};
			buildConfigurationList = D865EE2829B5112700BB4AE7 /* Build configuration list for PBXProject "ManualRetainRelease4" */;
			compatibilityVersion = "Xcode 14.0";
			developmentRegion = en;
			hasScannedForEncodings = 0;
			knownRegions = (
				en,
				Base,
			);
			mainGroup = D865EE2429B5112700BB4AE7;
			productRefGroup = D865EE2E29B5112700BB4AE7 /* Products */;
			projectDirPath = "";
			projectRoot = "";
			targets = (
				D865EE2C29B5112700BB4AE7 /* ManualRetainRelease4 */,
			);
		};
/* End PBXProject section */

/* Begin PBXResourcesBuildPhase section */
		D865EE2B29B5112700BB4AE7 /* Resources */ = {
			isa = PBXResourcesBuildPhase;
			buildActionMask = 2147483647;
			files = (
				D865EE4029B5112800BB4AE7 /* LaunchScreen.storyboard in Resources */,
				D865EE3D29B5112800BB4AE7 /* Assets.xcassets in Resources */,
				D865EE3B29B5112700BB4AE7 /* Main.storyboard in Resources */,
			);
			runOnlyForDeploymentPostprocessing = 0;
		};
/* End PBXResourcesBuildPhase section */

/* Begin PBXSourcesBuildPhase section */
		D865EE2929B5112700BB4AE7 /* Sources */ = {
			isa = PBXSourcesBuildPhase;
			buildActionMask = 2147483647;
			files = (
				D865EE3829B5112700BB4AE7 /* ViewController.m in Sources */,
				D865EE3229B5112700BB4AE7 /* AppDelegate.m in Sources */,
				D865EE4329B5112800BB4AE7 /* main.m in Sources */,
				D865EE4E29B5249100BB4AE7 /* MyMutableArray.m in Sources */,
				D865EE3529B5112700BB4AE7 /* SceneDelegate.m in Sources */,
			);
			runOnlyForDeploymentPostprocessing = 0;
		};
/* End PBXSourcesBuildPhase section */

/* Begin PBXVariantGroup section */
		D865EE3929B5112700BB4AE7 /* Main.storyboard */ = {
			isa = PBXVariantGroup;
			children = (
				D865EE3A29B5112700BB4AE7 /* Base */,
			);
			name = Main.storyboard;
			sourceTree = "<group>";
		};
		D865EE3E29B5112800BB4AE7 /* LaunchScreen.storyboard */ = {
			isa = PBXVariantGroup;
			children = (
				D865EE3F29B5112800BB4AE7 /* Base */,
			);
			name = LaunchScreen.storyboard;
			sourceTree = "<group>";
		};
/* End PBXVariantGroup section */

/* Begin XCBuildConfiguration section */
		D865EE4429B5112800BB4AE7 /* Debug */ = {
			isa = XCBuildConfiguration;
			buildSettings = {
				ALWAYS_SEARCH_USER_PATHS = NO;
				CLANG_ANALYZER_NONNULL = YES;
				CLANG_ANALYZER_NUMBER_OBJECT_CONVERSION = YES_AGGRESSIVE;
				CLANG_CXX_LANGUAGE_STANDARD = "gnu++20";
				CLANG_ENABLE_MODULES = YES;
				CLANG_ENABLE_OBJC_ARC = YES;
				CLANG_ENABLE_OBJC_WEAK = YES;
				CLANG_WARN_BLOCK_CAPTURE_AUTORELEASING = YES;
				CLANG_WARN_BOOL_CONVERSION = YES;
				CLANG_WARN_COMMA = YES;
				CLANG_WARN_CONSTANT_CONVERSION = YES;
				CLANG_WARN_DEPRECATED_OBJC_IMPLEMENTATIONS = YES;
				CLANG_WARN_DIRECT_OBJC_ISA_USAGE = YES_ERROR;
				CLANG_WARN_DOCUMENTATION_COMMENTS = YES;
				CLANG_WARN_EMPTY_BODY = YES;
				CLANG_WARN_ENUM_CONVERSION = YES;
				CLANG_WARN_INFINITE_RECURSION = YES;
				CLANG_WARN_INT_CONVERSION = YES;
				CLANG_WARN_NON_LITERAL_NULL_CONVERSION = YES;
				CLANG_WARN_OBJC_IMPLICIT_RETAIN_SELF = YES;
				CLANG_WARN_OBJC_LITERAL_CONVERSION = YES;
				CLANG_WARN_OBJC_ROOT_CLASS = YES_ERROR;
				CLANG_WARN_QUOTED_INCLUDE_IN_FRAMEWORK_HEADER = YES;
				CLANG_WARN_RANGE_LOOP_ANALYSIS = YES;
				CLANG_WARN_STRICT_PROTOTYPES = YES;
				CLANG_WARN_SUSPICIOUS_MOVE = YES;
				CLANG_WARN_UNGUARDED_AVAILABILITY = YES_AGGRESSIVE;
				CLANG_WARN_UNREACHABLE_CODE = YES;
				CLANG_WARN__DUPLICATE_METHOD_MATCH = YES;
				COPY_PHASE_STRIP = NO;
				DEBUG_INFORMATION_FORMAT = dwarf;
				ENABLE_STRICT_OBJC_MSGSEND = YES;
				ENABLE_TESTABILITY = YES;
				GCC_C_LANGUAGE_STANDARD = gnu11;
				GCC_DYNAMIC_NO_PIC = NO;
				GCC_NO_COMMON_BLOCKS = YES;
				GCC_OPTIMIZATION_LEVEL = 0;
				GCC_PREPROCESSOR_DEFINITIONS = (
					"DEBUG=1",
					"$(inherited)",
				);
				GCC_WARN_64_TO_32_BIT_CONVERSION = YES;
				GCC_WARN_ABOUT_RETURN_TYPE = YES_ERROR;
				GCC_WARN_UNDECLARED_SELECTOR = YES;
				GCC_WARN_UNINITIALIZED_AUTOS = YES_AGGRESSIVE;
				GCC_WARN_UNUSED_FUNCTION = YES;
				GCC_WARN_UNUSED_VARIABLE = YES;
				IPHONEOS_DEPLOYMENT_TARGET = 16.2;
				MTL_ENABLE_DEBUG_INFO = INCLUDE_SOURCE;
				MTL_FAST_MATH = YES;
				ONLY_ACTIVE_ARCH = YES;
				SDKROOT = iphoneos;
			};
			name = Debug;
		};
		D865EE4529B5112800BB4AE7 /* Release */ = {
			isa = XCBuildConfiguration;
			buildSettings = {
				ALWAYS_SEARCH_USER_PATHS = NO;
				CLANG_ANALYZER_NONNULL = YES;
				CLANG_ANALYZER_NUMBER_OBJECT_CONVERSION = YES_AGGRESSIVE;
				CLANG_CXX_LANGUAGE_STANDARD = "gnu++20";
				CLANG_ENABLE_MODULES = YES;
				CLANG_ENABLE_OBJC_ARC = YES;
				CLANG_ENABLE_OBJC_WEAK = YES;
				CLANG_WARN_BLOCK_CAPTURE_AUTORELEASING = YES;
				CLANG_WARN_BOOL_CONVERSION = YES;
				CLANG_WARN_COMMA = YES;
				CLANG_WARN_CONSTANT_CONVERSION = YES;
				CLANG_WARN_DEPRECATED_OBJC_IMPLEMENTATIONS = YES;
				CLANG_WARN_DIRECT_OBJC_ISA_USAGE = YES_ERROR;
				CLANG_WARN_DOCUMENTATION_COMMENTS = YES;
				CLANG_WARN_EMPTY_BODY = YES;
				CLANG_WARN_ENUM_CONVERSION = YES;
				CLANG_WARN_INFINITE_RECURSION = YES;
				CLANG_WARN_INT_CONVERSION = YES;
				CLANG_WARN_NON_LITERAL_NULL_CONVERSION = YES;
				CLANG_WARN_OBJC_IMPLICIT_RETAIN_SELF = YES;
				CLANG_WARN_OBJC_LITERAL_CONVERSION = YES;
				CLANG_WARN_OBJC_ROOT_CLASS = YES_ERROR;
				CLANG_WARN_QUOTED_INCLUDE_IN_FRAMEWORK_HEADER = YES;
				CLANG_WARN_RANGE_LOOP_ANALYSIS = YES;
				CLANG_WARN_STRICT_PROTOTYPES = YES;
				CLANG_WARN_SUSPICIOUS_MOVE = YES;
				CLANG_WARN_UNGUARDED_AVAILABILITY = YES_AGGRESSIVE;
				CLANG_WARN_UNREACHABLE_CODE = YES;
				CLANG_WARN__DUPLICATE_METHOD_MATCH = YES;
				COPY_PHASE_STRIP = NO;
				DEBUG_INFORMATION_FORMAT = "dwarf-with-dsym";
				ENABLE_NS_ASSERTIONS = NO;
				ENABLE_STRICT_OBJC_MSGSEND = YES;
				GCC_C_LANGUAGE_STANDARD = gnu11;
				GCC_NO_COMMON_BLOCKS = YES;
				GCC_WARN_64_TO_32_BIT_CONVERSION = YES;
				GCC_WARN_ABOUT_RETURN_TYPE = YES_ERROR;
				GCC_WARN_UNDECLARED_SELECTOR = YES;
				GCC_WARN_UNINITIALIZED_AUTOS = YES_AGGRESSIVE;
				GCC_WARN_UNUSED_FUNCTION = YES;
				GCC_WARN_UNUSED_VARIABLE = YES;
				IPHONEOS_DEPLOYMENT_TARGET = 16.2;
				MTL_ENABLE_DEBUG_INFO = NO;
				MTL_FAST_MATH = YES;
				SDKROOT = iphoneos;
				VALIDATE_PRODUCT = YES;
			};
			name = Release;
		};
		D865EE4729B5112800BB4AE7 /* Debug */ = {
			isa = XCBuildConfiguration;
			buildSettings = {
				ASSETCATALOG_COMPILER_APPICON_NAME = AppIcon;
				ASSETCATALOG_COMPILER_GLOBAL_ACCENT_COLOR_NAME = AccentColor;
				CODE_SIGN_STYLE = Automatic;
				CURRENT_PROJECT_VERSION = 1;
				DEVELOPMENT_TEAM = 2FUVA5JXY5;
				GENERATE_INFOPLIST_FILE = YES;
				INFOPLIST_FILE = ManualRetainRelease4/Info.plist;
				INFOPLIST_KEY_UIApplicationSupportsIndirectInputEvents = YES;
				INFOPLIST_KEY_UILaunchStoryboardName = LaunchScreen;
				INFOPLIST_KEY_UIMainStoryboardFile = Main;
				INFOPLIST_KEY_UISupportedInterfaceOrientations_iPad = "UIInterfaceOrientationPortrait UIInterfaceOrientationPortraitUpsideDown UIInterfaceOrientationLandscapeLeft UIInterfaceOrientationLandscapeRight";
				INFOPLIST_KEY_UISupportedInterfaceOrientations_iPhone = "UIInterfaceOrientationPortrait UIInterfaceOrientationLandscapeLeft UIInterfaceOrientationLandscapeRight";
				LD_RUNPATH_SEARCH_PATHS = (
					"$(inherited)",
					"@executable_path/Frameworks",
				);
				MARKETING_VERSION = 1.0;
				PRODUCT_BUNDLE_IDENTIFIER = Vitaly.ManualRetainRelease4;
				PRODUCT_NAME = "$(TARGET_NAME)";
				SWIFT_EMIT_LOC_STRINGS = YES;
				TARGETED_DEVICE_FAMILY = "1,2";
			};
			name = Debug;
		};
		D865EE4829B5112800BB4AE7 /* Release */ = {
			isa = XCBuildConfiguration;
			buildSettings = {
				ASSETCATALOG_COMPILER_APPICON_NAME = AppIcon;
				ASSETCATALOG_COMPILER_GLOBAL_ACCENT_COLOR_NAME = AccentColor;
				CODE_SIGN_STYLE = Automatic;
				CURRENT_PROJECT_VERSION = 1;
				DEVELOPMENT_TEAM = 2FUVA5JXY5;
				GENERATE_INFOPLIST_FILE = YES;
				INFOPLIST_FILE = ManualRetainRelease4/Info.plist;
				INFOPLIST_KEY_UIApplicationSupportsIndirectInputEvents = YES;
				INFOPLIST_KEY_UILaunchStoryboardName = LaunchScreen;
				INFOPLIST_KEY_UIMainStoryboardFile = Main;
				INFOPLIST_KEY_UISupportedInterfaceOrientations_iPad = "UIInterfaceOrientationPortrait UIInterfaceOrientationPortraitUpsideDown UIInterfaceOrientationLandscapeLeft UIInterfaceOrientationLandscapeRight";
				INFOPLIST_KEY_UISupportedInterfaceOrientations_iPhone = "UIInterfaceOrientationPortrait UIInterfaceOrientationLandscapeLeft UIInterfaceOrientationLandscapeRight";
				LD_RUNPATH_SEARCH_PATHS = (
					"$(inherited)",
					"@executable_path/Frameworks",
				);
				MARKETING_VERSION = 1.0;
				PRODUCT_BUNDLE_IDENTIFIER = Vitaly.ManualRetainRelease4;
				PRODUCT_NAME = "$(TARGET_NAME)";
				SWIFT_EMIT_LOC_STRINGS = YES;
				TARGETED_DEVICE_FAMILY = "1,2";
			};
			name = Release;
		};
/* End XCBuildConfiguration section */

/* Begin XCConfigurationList section */
		D865EE2829B5112700BB4AE7 /* Build configuration list for PBXProject "ManualRetainRelease4" */ = {
			isa = XCConfigurationList;
			buildConfigurations = (
				D865EE4429B5112800BB4AE7 /* Debug */,
				D865EE4529B5112800BB4AE7 /* Release */,
			);
			defaultConfigurationIsVisible = 0;
			defaultConfigurationName = Release;
		};
		D865EE4629B5112800BB4AE7 /* Build configuration list for PBXNativeTarget "ManualRetainRelease4" */ = {
			isa = XCConfigurationList;
			buildConfigurations = (
				D865EE4729B5112800BB4AE7 /* Debug */,
				D865EE4829B5112800BB4AE7 /* Release */,
			);
			defaultConfigurationIsVisible = 0;
			defaultConfigurationName = Release;
		};
/* End XCConfigurationList section */
	};
	rootObject = D865EE2529B5112700BB4AE7 /* Project object */;
}
