// !$*UTF8*$!
{
	archiveVersion = 1;
	classes = {
	};
	objectVersion = 56;
	objects = {

/* Begin PBXBuildFile section */
		D8093CB429F6740700097E0A /* AppDelegate.m in Sources */ = {isa = PBXBuildFile; fileRef = D8093CB329F6740700097E0A /* AppDelegate.m */; };
		D8093CB729F6740700097E0A /* SceneDelegate.m in Sources */ = {isa = PBXBuildFile; fileRef = D8093CB629F6740700097E0A /* SceneDelegate.m */; };
		D8093CBD29F6740700097E0A /* Main.storyboard in Resources */ = {isa = PBXBuildFile; fileRef = D8093CBB29F6740700097E0A /* Main.storyboard */; };
		D8093CBF29F6740800097E0A /* Assets.xcassets in Resources */ = {isa = PBXBuildFile; fileRef = D8093CBE29F6740800097E0A /* Assets.xcassets */; };
		D8093CC229F6740800097E0A /* LaunchScreen.storyboard in Resources */ = {isa = PBXBuildFile; fileRef = D8093CC029F6740800097E0A /* LaunchScreen.storyboard */; };
		D8093CC529F6740800097E0A /* main.m in Sources */ = {isa = PBXBuildFile; fileRef = D8093CC429F6740800097E0A /* main.m */; };
		D843C7E529FE7A5000DA42BB /* int_roman_converter.cc in Sources */ = {isa = PBXBuildFile; fileRef = D843C7E429FE7A5000DA42BB /* int_roman_converter.cc */; };
		D843C7EA29FE7A7400DA42BB /* converter_wrapper.mm in Sources */ = {isa = PBXBuildFile; fileRef = D843C7E629FE7A7300DA42BB /* converter_wrapper.mm */; };
		D843C7EB29FE7A7400DA42BB /* RomanValueVerifier.m in Sources */ = {isa = PBXBuildFile; fileRef = D843C7E929FE7A7400DA42BB /* RomanValueVerifier.m */; };
		D8C326BF29F6BC3C00C871FD /* TabBarController.m in Sources */ = {isa = PBXBuildFile; fileRef = D8C326BE29F6BC3C00C871FD /* TabBarController.m */; };
		D8DA86A029F71D7200265033 /* ArabicToRomanVC.m in Sources */ = {isa = PBXBuildFile; fileRef = D8DA869F29F71D7200265033 /* ArabicToRomanVC.m */; };
		D8DA86A329F71D9500265033 /* RomanToArabicVC.m in Sources */ = {isa = PBXBuildFile; fileRef = D8DA86A229F71D9500265033 /* RomanToArabicVC.m */; };
/* End PBXBuildFile section */

/* Begin PBXFileReference section */
		D8093CAF29F6740700097E0A /* IntRomanConverter.app */ = {isa = PBXFileReference; explicitFileType = wrapper.application; includeInIndex = 0; path = IntRomanConverter.app; sourceTree = BUILT_PRODUCTS_DIR; };
		D8093CB229F6740700097E0A /* AppDelegate.h */ = {isa = PBXFileReference; lastKnownFileType = sourcecode.c.h; path = AppDelegate.h; sourceTree = "<group>"; };
		D8093CB329F6740700097E0A /* AppDelegate.m */ = {isa = PBXFileReference; lastKnownFileType = sourcecode.c.objc; path = AppDelegate.m; sourceTree = "<group>"; };
		D8093CB529F6740700097E0A /* SceneDelegate.h */ = {isa = PBXFileReference; lastKnownFileType = sourcecode.c.h; path = SceneDelegate.h; sourceTree = "<group>"; };
		D8093CB629F6740700097E0A /* SceneDelegate.m */ = {isa = PBXFileReference; lastKnownFileType = sourcecode.c.objc; path = SceneDelegate.m; sourceTree = "<group>"; };
		D8093CBC29F6740700097E0A /* Base */ = {isa = PBXFileReference; lastKnownFileType = file.storyboard; name = Base; path = Base.lproj/Main.storyboard; sourceTree = "<group>"; };
		D8093CBE29F6740800097E0A /* Assets.xcassets */ = {isa = PBXFileReference; lastKnownFileType = folder.assetcatalog; path = Assets.xcassets; sourceTree = "<group>"; };
		D8093CC129F6740800097E0A /* Base */ = {isa = PBXFileReference; lastKnownFileType = file.storyboard; name = Base; path = Base.lproj/LaunchScreen.storyboard; sourceTree = "<group>"; };
		D8093CC329F6740800097E0A /* Info.plist */ = {isa = PBXFileReference; lastKnownFileType = text.plist.xml; path = Info.plist; sourceTree = "<group>"; };
		D8093CC429F6740800097E0A /* main.m */ = {isa = PBXFileReference; lastKnownFileType = sourcecode.c.objc; path = main.m; sourceTree = "<group>"; };
		D843C7E329FE7A5000DA42BB /* int_roman_converter.h */ = {isa = PBXFileReference; fileEncoding = 4; lastKnownFileType = sourcecode.c.h; name = int_roman_converter.h; path = ../../../01_cpp_console/int_roman_converter.h; sourceTree = "<group>"; };
		D843C7E429FE7A5000DA42BB /* int_roman_converter.cc */ = {isa = PBXFileReference; fileEncoding = 4; lastKnownFileType = sourcecode.cpp.cpp; name = int_roman_converter.cc; path = ../../../01_cpp_console/int_roman_converter.cc; sourceTree = "<group>"; };
		D843C7E629FE7A7300DA42BB /* converter_wrapper.mm */ = {isa = PBXFileReference; fileEncoding = 4; lastKnownFileType = sourcecode.cpp.objcpp; name = converter_wrapper.mm; path = ../../../02_wrapper_test/02_wrapper_test/converter_wrapper.mm; sourceTree = "<group>"; };
		D843C7E729FE7A7400DA42BB /* converter_wrapper.h */ = {isa = PBXFileReference; fileEncoding = 4; lastKnownFileType = sourcecode.c.h; name = converter_wrapper.h; path = ../../../02_wrapper_test/02_wrapper_test/converter_wrapper.h; sourceTree = "<group>"; };
		D843C7E829FE7A7400DA42BB /* RomanValueVerifier.h */ = {isa = PBXFileReference; fileEncoding = 4; lastKnownFileType = sourcecode.c.h; name = RomanValueVerifier.h; path = ../../../02_wrapper_test/02_wrapper_test/RomanValueVerifier.h; sourceTree = "<group>"; };
		D843C7E929FE7A7400DA42BB /* RomanValueVerifier.m */ = {isa = PBXFileReference; fileEncoding = 4; lastKnownFileType = sourcecode.c.objc; name = RomanValueVerifier.m; path = ../../../02_wrapper_test/02_wrapper_test/RomanValueVerifier.m; sourceTree = "<group>"; };
		D8C326BD29F6BC3C00C871FD /* TabBarController.h */ = {isa = PBXFileReference; lastKnownFileType = sourcecode.c.h; path = TabBarController.h; sourceTree = "<group>"; };
		D8C326BE29F6BC3C00C871FD /* TabBarController.m */ = {isa = PBXFileReference; lastKnownFileType = sourcecode.c.objc; path = TabBarController.m; sourceTree = "<group>"; };
		D8DA869E29F71D7200265033 /* ArabicToRomanVC.h */ = {isa = PBXFileReference; lastKnownFileType = sourcecode.c.h; path = ArabicToRomanVC.h; sourceTree = "<group>"; };
		D8DA869F29F71D7200265033 /* ArabicToRomanVC.m */ = {isa = PBXFileReference; lastKnownFileType = sourcecode.c.objc; path = ArabicToRomanVC.m; sourceTree = "<group>"; };
		D8DA86A129F71D9500265033 /* RomanToArabicVC.h */ = {isa = PBXFileReference; lastKnownFileType = sourcecode.c.h; path = RomanToArabicVC.h; sourceTree = "<group>"; };
		D8DA86A229F71D9500265033 /* RomanToArabicVC.m */ = {isa = PBXFileReference; lastKnownFileType = sourcecode.c.objc; path = RomanToArabicVC.m; sourceTree = "<group>"; };
		D8E27B2B29FEFE6A00C9FF4E /* ConverterProtocol.h */ = {isa = PBXFileReference; lastKnownFileType = sourcecode.c.h; path = ConverterProtocol.h; sourceTree = "<group>"; };
/* End PBXFileReference section */

/* Begin PBXFrameworksBuildPhase section */
		D8093CAC29F6740700097E0A /* Frameworks */ = {
			isa = PBXFrameworksBuildPhase;
			buildActionMask = 2147483647;
			files = (
			);
			runOnlyForDeploymentPostprocessing = 0;
		};
/* End PBXFrameworksBuildPhase section */

/* Begin PBXGroup section */
		D8093CA629F6740700097E0A = {
			isa = PBXGroup;
			children = (
				D8093CB129F6740700097E0A /* IntRomanConverter */,
				D8093CB029F6740700097E0A /* Products */,
			);
			sourceTree = "<group>";
		};
		D8093CB029F6740700097E0A /* Products */ = {
			isa = PBXGroup;
			children = (
				D8093CAF29F6740700097E0A /* IntRomanConverter.app */,
			);
			name = Products;
			sourceTree = "<group>";
		};
		D8093CB129F6740700097E0A /* IntRomanConverter */ = {
			isa = PBXGroup;
			children = (
				D843C7EC29FE7B5D00DA42BB /* View */,
				D843C7E129FE7A2900DA42BB /* ConverterWrapper */,
				D8093CB229F6740700097E0A /* AppDelegate.h */,
				D8093CB329F6740700097E0A /* AppDelegate.m */,
				D8093CB529F6740700097E0A /* SceneDelegate.h */,
				D8093CB629F6740700097E0A /* SceneDelegate.m */,
				D8093CBB29F6740700097E0A /* Main.storyboard */,
				D8093CBE29F6740800097E0A /* Assets.xcassets */,
				D8093CC029F6740800097E0A /* LaunchScreen.storyboard */,
				D8093CC329F6740800097E0A /* Info.plist */,
				D8093CC429F6740800097E0A /* main.m */,
			);
			path = IntRomanConverter;
			sourceTree = "<group>";
		};
		D843C7E129FE7A2900DA42BB /* ConverterWrapper */ = {
			isa = PBXGroup;
			children = (
				D843C7E729FE7A7400DA42BB /* converter_wrapper.h */,
				D843C7E629FE7A7300DA42BB /* converter_wrapper.mm */,
				D843C7E829FE7A7400DA42BB /* RomanValueVerifier.h */,
				D843C7E929FE7A7400DA42BB /* RomanValueVerifier.m */,
				D843C7E229FE7A3D00DA42BB /* cpp */,
			);
			name = ConverterWrapper;
			sourceTree = "<group>";
		};
		D843C7E229FE7A3D00DA42BB /* cpp */ = {
			isa = PBXGroup;
			children = (
				D843C7E429FE7A5000DA42BB /* int_roman_converter.cc */,
				D843C7E329FE7A5000DA42BB /* int_roman_converter.h */,
			);
			name = cpp;
			sourceTree = "<group>";
		};
		D843C7EC29FE7B5D00DA42BB /* View */ = {
			isa = PBXGroup;
			children = (
				D8DA869E29F71D7200265033 /* ArabicToRomanVC.h */,
				D8DA869F29F71D7200265033 /* ArabicToRomanVC.m */,
				D8C326BD29F6BC3C00C871FD /* TabBarController.h */,
				D8C326BE29F6BC3C00C871FD /* TabBarController.m */,
				D8DA86A129F71D9500265033 /* RomanToArabicVC.h */,
				D8DA86A229F71D9500265033 /* RomanToArabicVC.m */,
				D8E27B2B29FEFE6A00C9FF4E /* ConverterProtocol.h */,
			);
			name = View;
			sourceTree = "<group>";
		};
/* End PBXGroup section */

/* Begin PBXNativeTarget section */
		D8093CAE29F6740700097E0A /* IntRomanConverter */ = {
			isa = PBXNativeTarget;
			buildConfigurationList = D8093CC829F6740800097E0A /* Build configuration list for PBXNativeTarget "IntRomanConverter" */;
			buildPhases = (
				D8093CAB29F6740700097E0A /* Sources */,
				D8093CAC29F6740700097E0A /* Frameworks */,
				D8093CAD29F6740700097E0A /* Resources */,
			);
			buildRules = (
			);
			dependencies = (
			);
			name = IntRomanConverter;
			productName = IntRomanConverter;
			productReference = D8093CAF29F6740700097E0A /* IntRomanConverter.app */;
			productType = "com.apple.product-type.application";
		};
/* End PBXNativeTarget section */

/* Begin PBXProject section */
		D8093CA729F6740700097E0A /* Project object */ = {
			isa = PBXProject;
			attributes = {
				BuildIndependentTargetsInParallel = 1;
				LastUpgradeCheck = 1420;
				TargetAttributes = {
					D8093CAE29F6740700097E0A = {
						CreatedOnToolsVersion = 14.2;
					};
				};
			};
			buildConfigurationList = D8093CAA29F6740700097E0A /* Build configuration list for PBXProject "IntRomanConverter" */;
			compatibilityVersion = "Xcode 14.0";
			developmentRegion = en;
			hasScannedForEncodings = 0;
			knownRegions = (
				en,
				Base,
			);
			mainGroup = D8093CA629F6740700097E0A;
			productRefGroup = D8093CB029F6740700097E0A /* Products */;
			projectDirPath = "";
			projectRoot = "";
			targets = (
				D8093CAE29F6740700097E0A /* IntRomanConverter */,
			);
		};
/* End PBXProject section */

/* Begin PBXResourcesBuildPhase section */
		D8093CAD29F6740700097E0A /* Resources */ = {
			isa = PBXResourcesBuildPhase;
			buildActionMask = 2147483647;
			files = (
				D8093CC229F6740800097E0A /* LaunchScreen.storyboard in Resources */,
				D8093CBF29F6740800097E0A /* Assets.xcassets in Resources */,
				D8093CBD29F6740700097E0A /* Main.storyboard in Resources */,
			);
			runOnlyForDeploymentPostprocessing = 0;
		};
/* End PBXResourcesBuildPhase section */

/* Begin PBXSourcesBuildPhase section */
		D8093CAB29F6740700097E0A /* Sources */ = {
			isa = PBXSourcesBuildPhase;
			buildActionMask = 2147483647;
			files = (
				D8093CB429F6740700097E0A /* AppDelegate.m in Sources */,
				D8C326BF29F6BC3C00C871FD /* TabBarController.m in Sources */,
				D8DA86A029F71D7200265033 /* ArabicToRomanVC.m in Sources */,
				D8093CC529F6740800097E0A /* main.m in Sources */,
				D843C7EA29FE7A7400DA42BB /* converter_wrapper.mm in Sources */,
				D8093CB729F6740700097E0A /* SceneDelegate.m in Sources */,
				D8DA86A329F71D9500265033 /* RomanToArabicVC.m in Sources */,
				D843C7EB29FE7A7400DA42BB /* RomanValueVerifier.m in Sources */,
				D843C7E529FE7A5000DA42BB /* int_roman_converter.cc in Sources */,
			);
			runOnlyForDeploymentPostprocessing = 0;
		};
/* End PBXSourcesBuildPhase section */

/* Begin PBXVariantGroup section */
		D8093CBB29F6740700097E0A /* Main.storyboard */ = {
			isa = PBXVariantGroup;
			children = (
				D8093CBC29F6740700097E0A /* Base */,
			);
			name = Main.storyboard;
			sourceTree = "<group>";
		};
		D8093CC029F6740800097E0A /* LaunchScreen.storyboard */ = {
			isa = PBXVariantGroup;
			children = (
				D8093CC129F6740800097E0A /* Base */,
			);
			name = LaunchScreen.storyboard;
			sourceTree = "<group>";
		};
/* End PBXVariantGroup section */

/* Begin XCBuildConfiguration section */
		D8093CC629F6740800097E0A /* Debug */ = {
			isa = XCBuildConfiguration;
			buildSettings = {
				ALWAYS_SEARCH_USER_PATHS = NO;
				CLANG_ANALYZER_NONNULL = YES;
				CLANG_ANALYZER_NUMBER_OBJECT_CONVERSION = YES_AGGRESSIVE;
				CLANG_CXX_LANGUAGE_STANDARD = "gnu++20";
				CLANG_ENABLE_MODULES = YES;
				CLANG_ENABLE_OBJC_ARC = YES;
				CLANG_ENABLE_OBJC_WEAK = YES;
				CLANG_WARN_BLOCK_CAPTURE_AUTORELEASING = YES;
				CLANG_WARN_BOOL_CONVERSION = YES;
				CLANG_WARN_COMMA = YES;
				CLANG_WARN_CONSTANT_CONVERSION = YES;
				CLANG_WARN_DEPRECATED_OBJC_IMPLEMENTATIONS = YES;
				CLANG_WARN_DIRECT_OBJC_ISA_USAGE = YES_ERROR;
				CLANG_WARN_DOCUMENTATION_COMMENTS = YES;
				CLANG_WARN_EMPTY_BODY = YES;
				CLANG_WARN_ENUM_CONVERSION = YES;
				CLANG_WARN_INFINITE_RECURSION = YES;
				CLANG_WARN_INT_CONVERSION = YES;
				CLANG_WARN_NON_LITERAL_NULL_CONVERSION = YES;
				CLANG_WARN_OBJC_IMPLICIT_RETAIN_SELF = YES;
				CLANG_WARN_OBJC_LITERAL_CONVERSION = YES;
				CLANG_WARN_OBJC_ROOT_CLASS = YES_ERROR;
				CLANG_WARN_QUOTED_INCLUDE_IN_FRAMEWORK_HEADER = YES;
				CLANG_WARN_RANGE_LOOP_ANALYSIS = YES;
				CLANG_WARN_STRICT_PROTOTYPES = YES;
				CLANG_WARN_SUSPICIOUS_MOVE = YES;
				CLANG_WARN_UNGUARDED_AVAILABILITY = YES_AGGRESSIVE;
				CLANG_WARN_UNREACHABLE_CODE = YES;
				CLANG_WARN__DUPLICATE_METHOD_MATCH = YES;
				COPY_PHASE_STRIP = NO;
				DEBUG_INFORMATION_FORMAT = dwarf;
				ENABLE_STRICT_OBJC_MSGSEND = YES;
				ENABLE_TESTABILITY = YES;
				GCC_C_LANGUAGE_STANDARD = gnu11;
				GCC_DYNAMIC_NO_PIC = NO;
				GCC_NO_COMMON_BLOCKS = YES;
				GCC_OPTIMIZATION_LEVEL = 0;
				GCC_PREPROCESSOR_DEFINITIONS = (
					"DEBUG=1",
					"$(inherited)",
				);
				GCC_WARN_64_TO_32_BIT_CONVERSION = YES;
				GCC_WARN_ABOUT_RETURN_TYPE = YES_ERROR;
				GCC_WARN_UNDECLARED_SELECTOR = YES;
				GCC_WARN_UNINITIALIZED_AUTOS = YES_AGGRESSIVE;
				GCC_WARN_UNUSED_FUNCTION = YES;
				GCC_WARN_UNUSED_VARIABLE = YES;
				IPHONEOS_DEPLOYMENT_TARGET = 16.2;
				MTL_ENABLE_DEBUG_INFO = INCLUDE_SOURCE;
				MTL_FAST_MATH = YES;
				ONLY_ACTIVE_ARCH = YES;
				SDKROOT = iphoneos;
			};
			name = Debug;
		};
		D8093CC729F6740800097E0A /* Release */ = {
			isa = XCBuildConfiguration;
			buildSettings = {
				ALWAYS_SEARCH_USER_PATHS = NO;
				CLANG_ANALYZER_NONNULL = YES;
				CLANG_ANALYZER_NUMBER_OBJECT_CONVERSION = YES_AGGRESSIVE;
				CLANG_CXX_LANGUAGE_STANDARD = "gnu++20";
				CLANG_ENABLE_MODULES = YES;
				CLANG_ENABLE_OBJC_ARC = YES;
				CLANG_ENABLE_OBJC_WEAK = YES;
				CLANG_WARN_BLOCK_CAPTURE_AUTORELEASING = YES;
				CLANG_WARN_BOOL_CONVERSION = YES;
				CLANG_WARN_COMMA = YES;
				CLANG_WARN_CONSTANT_CONVERSION = YES;
				CLANG_WARN_DEPRECATED_OBJC_IMPLEMENTATIONS = YES;
				CLANG_WARN_DIRECT_OBJC_ISA_USAGE = YES_ERROR;
				CLANG_WARN_DOCUMENTATION_COMMENTS = YES;
				CLANG_WARN_EMPTY_BODY = YES;
				CLANG_WARN_ENUM_CONVERSION = YES;
				CLANG_WARN_INFINITE_RECURSION = YES;
				CLANG_WARN_INT_CONVERSION = YES;
				CLANG_WARN_NON_LITERAL_NULL_CONVERSION = YES;
				CLANG_WARN_OBJC_IMPLICIT_RETAIN_SELF = YES;
				CLANG_WARN_OBJC_LITERAL_CONVERSION = YES;
				CLANG_WARN_OBJC_ROOT_CLASS = YES_ERROR;
				CLANG_WARN_QUOTED_INCLUDE_IN_FRAMEWORK_HEADER = YES;
				CLANG_WARN_RANGE_LOOP_ANALYSIS = YES;
				CLANG_WARN_STRICT_PROTOTYPES = YES;
				CLANG_WARN_SUSPICIOUS_MOVE = YES;
				CLANG_WARN_UNGUARDED_AVAILABILITY = YES_AGGRESSIVE;
				CLANG_WARN_UNREACHABLE_CODE = YES;
				CLANG_WARN__DUPLICATE_METHOD_MATCH = YES;
				COPY_PHASE_STRIP = NO;
				DEBUG_INFORMATION_FORMAT = "dwarf-with-dsym";
				ENABLE_NS_ASSERTIONS = NO;
				ENABLE_STRICT_OBJC_MSGSEND = YES;
				GCC_C_LANGUAGE_STANDARD = gnu11;
				GCC_NO_COMMON_BLOCKS = YES;
				GCC_WARN_64_TO_32_BIT_CONVERSION = YES;
				GCC_WARN_ABOUT_RETURN_TYPE = YES_ERROR;
				GCC_WARN_UNDECLARED_SELECTOR = YES;
				GCC_WARN_UNINITIALIZED_AUTOS = YES_AGGRESSIVE;
				GCC_WARN_UNUSED_FUNCTION = YES;
				GCC_WARN_UNUSED_VARIABLE = YES;
				IPHONEOS_DEPLOYMENT_TARGET = 16.2;
				MTL_ENABLE_DEBUG_INFO = NO;
				MTL_FAST_MATH = YES;
				SDKROOT = iphoneos;
				VALIDATE_PRODUCT = YES;
			};
			name = Release;
		};
		D8093CC929F6740800097E0A /* Debug */ = {
			isa = XCBuildConfiguration;
			buildSettings = {
				ASSETCATALOG_COMPILER_APPICON_NAME = AppIcon;
				ASSETCATALOG_COMPILER_GLOBAL_ACCENT_COLOR_NAME = AccentColor;
				CODE_SIGN_STYLE = Automatic;
				CURRENT_PROJECT_VERSION = 1;
				DEVELOPMENT_TEAM = 2FUVA5JXY5;
				GENERATE_INFOPLIST_FILE = YES;
				INFOPLIST_FILE = IntRomanConverter/Info.plist;
				INFOPLIST_KEY_UIApplicationSupportsIndirectInputEvents = YES;
				INFOPLIST_KEY_UILaunchStoryboardName = LaunchScreen;
				INFOPLIST_KEY_UIMainStoryboardFile = Main;
				INFOPLIST_KEY_UISupportedInterfaceOrientations_iPad = "UIInterfaceOrientationPortrait UIInterfaceOrientationPortraitUpsideDown UIInterfaceOrientationLandscapeLeft UIInterfaceOrientationLandscapeRight";
				INFOPLIST_KEY_UISupportedInterfaceOrientations_iPhone = "UIInterfaceOrientationPortrait UIInterfaceOrientationLandscapeLeft UIInterfaceOrientationLandscapeRight";
				IPHONEOS_DEPLOYMENT_TARGET = 15.2;
				LD_RUNPATH_SEARCH_PATHS = (
					"$(inherited)",
					"@executable_path/Frameworks",
				);
				MARKETING_VERSION = 1.0;
				PRODUCT_BUNDLE_IDENTIFIER = Vitaly.IntRomanConverter;
				PRODUCT_NAME = "$(TARGET_NAME)";
				SWIFT_EMIT_LOC_STRINGS = YES;
				TARGETED_DEVICE_FAMILY = "1,2";
			};
			name = Debug;
		};
		D8093CCA29F6740800097E0A /* Release */ = {
			isa = XCBuildConfiguration;
			buildSettings = {
				ASSETCATALOG_COMPILER_APPICON_NAME = AppIcon;
				ASSETCATALOG_COMPILER_GLOBAL_ACCENT_COLOR_NAME = AccentColor;
				CODE_SIGN_STYLE = Automatic;
				CURRENT_PROJECT_VERSION = 1;
				DEVELOPMENT_TEAM = 2FUVA5JXY5;
				GENERATE_INFOPLIST_FILE = YES;
				INFOPLIST_FILE = IntRomanConverter/Info.plist;
				INFOPLIST_KEY_UIApplicationSupportsIndirectInputEvents = YES;
				INFOPLIST_KEY_UILaunchStoryboardName = LaunchScreen;
				INFOPLIST_KEY_UIMainStoryboardFile = Main;
				INFOPLIST_KEY_UISupportedInterfaceOrientations_iPad = "UIInterfaceOrientationPortrait UIInterfaceOrientationPortraitUpsideDown UIInterfaceOrientationLandscapeLeft UIInterfaceOrientationLandscapeRight";
				INFOPLIST_KEY_UISupportedInterfaceOrientations_iPhone = "UIInterfaceOrientationPortrait UIInterfaceOrientationLandscapeLeft UIInterfaceOrientationLandscapeRight";
				IPHONEOS_DEPLOYMENT_TARGET = 15.2;
				LD_RUNPATH_SEARCH_PATHS = (
					"$(inherited)",
					"@executable_path/Frameworks",
				);
				MARKETING_VERSION = 1.0;
				PRODUCT_BUNDLE_IDENTIFIER = Vitaly.IntRomanConverter;
				PRODUCT_NAME = "$(TARGET_NAME)";
				SWIFT_EMIT_LOC_STRINGS = YES;
				TARGETED_DEVICE_FAMILY = "1,2";
			};
			name = Release;
		};
/* End XCBuildConfiguration section */

/* Begin XCConfigurationList section */
		D8093CAA29F6740700097E0A /* Build configuration list for PBXProject "IntRomanConverter" */ = {
			isa = XCConfigurationList;
			buildConfigurations = (
				D8093CC629F6740800097E0A /* Debug */,
				D8093CC729F6740800097E0A /* Release */,
			);
			defaultConfigurationIsVisible = 0;
			defaultConfigurationName = Release;
		};
		D8093CC829F6740800097E0A /* Build configuration list for PBXNativeTarget "IntRomanConverter" */ = {
			isa = XCConfigurationList;
			buildConfigurations = (
				D8093CC929F6740800097E0A /* Debug */,
				D8093CCA29F6740800097E0A /* Release */,
			);
			defaultConfigurationIsVisible = 0;
			defaultConfigurationName = Release;
		};
/* End XCConfigurationList section */
	};
	rootObject = D8093CA729F6740700097E0A /* Project object */;
}
