// !$*UTF8*$!
{
	archiveVersion = 1;
	classes = {
	};
	objectVersion = 56;
	objects = {

/* Begin PBXBuildFile section */
		D8283ED6297C6B03009374DA /* MyAddressBook.m in Sources */ = {isa = PBXBuildFile; fileRef = D8283ED5297C6B03009374DA /* MyAddressBook.m */; };
		D8C3621E297C238500851458 /* main.m in Sources */ = {isa = PBXBuildFile; fileRef = D8C3621D297C238500851458 /* main.m */; };
		D8C36226297C27DA00851458 /* Address.m in Sources */ = {isa = PBXBuildFile; fileRef = D8C36225297C27DA00851458 /* Address.m */; };
		D8C36229297C41C500851458 /* AddressCard.m in Sources */ = {isa = PBXBuildFile; fileRef = D8C36228297C41C500851458 /* AddressCard.m */; };
		D8FFFA4A2981BAC200A07E19 /* MyAddressBook+Search.m in Sources */ = {isa = PBXBuildFile; fileRef = D8FFFA492981BAC200A07E19 /* MyAddressBook+Search.m */; };
/* End PBXBuildFile section */

/* Begin PBXCopyFilesBuildPhase section */
		D8C36218297C238500851458 /* CopyFiles */ = {
			isa = PBXCopyFilesBuildPhase;
			buildActionMask = 2147483647;
			dstPath = /usr/share/man/man1/;
			dstSubfolderSpec = 0;
			files = (
			);
			runOnlyForDeploymentPostprocessing = 1;
		};
/* End PBXCopyFilesBuildPhase section */

/* Begin PBXFileReference section */
		D8283ED5297C6B03009374DA /* MyAddressBook.m */ = {isa = PBXFileReference; lastKnownFileType = sourcecode.c.objc; path = MyAddressBook.m; sourceTree = "<group>"; };
		D8283ED7297C6B14009374DA /* MyAddressBook.h */ = {isa = PBXFileReference; lastKnownFileType = sourcecode.c.h; path = MyAddressBook.h; sourceTree = "<group>"; };
		D8C3621A297C238500851458 /* MyAddressBook */ = {isa = PBXFileReference; explicitFileType = "compiled.mach-o.executable"; includeInIndex = 0; path = MyAddressBook; sourceTree = BUILT_PRODUCTS_DIR; };
		D8C3621D297C238500851458 /* main.m */ = {isa = PBXFileReference; lastKnownFileType = sourcecode.c.objc; path = main.m; sourceTree = "<group>"; };
		D8C36224297C27CB00851458 /* Address.h */ = {isa = PBXFileReference; lastKnownFileType = sourcecode.c.h; path = Address.h; sourceTree = "<group>"; };
		D8C36225297C27DA00851458 /* Address.m */ = {isa = PBXFileReference; lastKnownFileType = sourcecode.c.objc; path = Address.m; sourceTree = "<group>"; };
		D8C36227297C41B600851458 /* AddressCard.h */ = {isa = PBXFileReference; lastKnownFileType = sourcecode.c.h; path = AddressCard.h; sourceTree = "<group>"; };
		D8C36228297C41C500851458 /* AddressCard.m */ = {isa = PBXFileReference; lastKnownFileType = sourcecode.c.objc; path = AddressCard.m; sourceTree = "<group>"; };
		D8FFFA482981BAB000A07E19 /* MyAddressBook+Search.h */ = {isa = PBXFileReference; lastKnownFileType = sourcecode.c.h; path = "MyAddressBook+Search.h"; sourceTree = "<group>"; };
		D8FFFA492981BAC200A07E19 /* MyAddressBook+Search.m */ = {isa = PBXFileReference; lastKnownFileType = sourcecode.c.objc; path = "MyAddressBook+Search.m"; sourceTree = "<group>"; };
/* End PBXFileReference section */

/* Begin PBXFrameworksBuildPhase section */
		D8C36217297C238500851458 /* Frameworks */ = {
			isa = PBXFrameworksBuildPhase;
			buildActionMask = 2147483647;
			files = (
			);
			runOnlyForDeploymentPostprocessing = 0;
		};
/* End PBXFrameworksBuildPhase section */

/* Begin PBXGroup section */
		D8C36211297C238500851458 = {
			isa = PBXGroup;
			children = (
				D8C3621C297C238500851458 /* MyAddressBook */,
				D8C3621B297C238500851458 /* Products */,
			);
			sourceTree = "<group>";
		};
		D8C3621B297C238500851458 /* Products */ = {
			isa = PBXGroup;
			children = (
				D8C3621A297C238500851458 /* MyAddressBook */,
			);
			name = Products;
			sourceTree = "<group>";
		};
		D8C3621C297C238500851458 /* MyAddressBook */ = {
			isa = PBXGroup;
			children = (
				D8C3621D297C238500851458 /* main.m */,
				D8C36224297C27CB00851458 /* Address.h */,
				D8C36225297C27DA00851458 /* Address.m */,
				D8C36227297C41B600851458 /* AddressCard.h */,
				D8C36228297C41C500851458 /* AddressCard.m */,
				D8283ED5297C6B03009374DA /* MyAddressBook.m */,
				D8283ED7297C6B14009374DA /* MyAddressBook.h */,
				D8FFFA482981BAB000A07E19 /* MyAddressBook+Search.h */,
				D8FFFA492981BAC200A07E19 /* MyAddressBook+Search.m */,
			);
			path = MyAddressBook;
			sourceTree = "<group>";
		};
/* End PBXGroup section */

/* Begin PBXNativeTarget section */
		D8C36219297C238500851458 /* MyAddressBook */ = {
			isa = PBXNativeTarget;
			buildConfigurationList = D8C36221297C238500851458 /* Build configuration list for PBXNativeTarget "MyAddressBook" */;
			buildPhases = (
				D8C36216297C238500851458 /* Sources */,
				D8C36217297C238500851458 /* Frameworks */,
				D8C36218297C238500851458 /* CopyFiles */,
			);
			buildRules = (
			);
			dependencies = (
			);
			name = MyAddressBook;
			productName = MyAddressBook;
			productReference = D8C3621A297C238500851458 /* MyAddressBook */;
			productType = "com.apple.product-type.tool";
		};
/* End PBXNativeTarget section */

/* Begin PBXProject section */
		D8C36212297C238500851458 /* Project object */ = {
			isa = PBXProject;
			attributes = {
				BuildIndependentTargetsInParallel = 1;
				LastUpgradeCheck = 1420;
				TargetAttributes = {
					D8C36219297C238500851458 = {
						CreatedOnToolsVersion = 14.2;
					};
				};
			};
			buildConfigurationList = D8C36215297C238500851458 /* Build configuration list for PBXProject "MyAddressBook" */;
			compatibilityVersion = "Xcode 14.0";
			developmentRegion = en;
			hasScannedForEncodings = 0;
			knownRegions = (
				en,
				Base,
			);
			mainGroup = D8C36211297C238500851458;
			productRefGroup = D8C3621B297C238500851458 /* Products */;
			projectDirPath = "";
			projectRoot = "";
			targets = (
				D8C36219297C238500851458 /* MyAddressBook */,
			);
		};
/* End PBXProject section */

/* Begin PBXSourcesBuildPhase section */
		D8C36216297C238500851458 /* Sources */ = {
			isa = PBXSourcesBuildPhase;
			buildActionMask = 2147483647;
			files = (
				D8C36229297C41C500851458 /* AddressCard.m in Sources */,
				D8283ED6297C6B03009374DA /* MyAddressBook.m in Sources */,
				D8C36226297C27DA00851458 /* Address.m in Sources */,
				D8C3621E297C238500851458 /* main.m in Sources */,
				D8FFFA4A2981BAC200A07E19 /* MyAddressBook+Search.m in Sources */,
			);
			runOnlyForDeploymentPostprocessing = 0;
		};
/* End PBXSourcesBuildPhase section */

/* Begin XCBuildConfiguration section */
		D8C3621F297C238500851458 /* Debug */ = {
			isa = XCBuildConfiguration;
			buildSettings = {
				ALWAYS_SEARCH_USER_PATHS = NO;
				CLANG_ANALYZER_NONNULL = YES;
				CLANG_ANALYZER_NUMBER_OBJECT_CONVERSION = YES_AGGRESSIVE;
				CLANG_CXX_LANGUAGE_STANDARD = "gnu++20";
				CLANG_ENABLE_MODULES = YES;
				CLANG_ENABLE_OBJC_ARC = YES;
				CLANG_ENABLE_OBJC_WEAK = YES;
				CLANG_WARN_BLOCK_CAPTURE_AUTORELEASING = YES;
				CLANG_WARN_BOOL_CONVERSION = YES;
				CLANG_WARN_COMMA = YES;
				CLANG_WARN_CONSTANT_CONVERSION = YES;
				CLANG_WARN_DEPRECATED_OBJC_IMPLEMENTATIONS = YES;
				CLANG_WARN_DIRECT_OBJC_ISA_USAGE = YES_ERROR;
				CLANG_WARN_DOCUMENTATION_COMMENTS = YES;
				CLANG_WARN_EMPTY_BODY = YES;
				CLANG_WARN_ENUM_CONVERSION = YES;
				CLANG_WARN_INFINITE_RECURSION = YES;
				CLANG_WARN_INT_CONVERSION = YES;
				CLANG_WARN_NON_LITERAL_NULL_CONVERSION = YES;
				CLANG_WARN_OBJC_IMPLICIT_RETAIN_SELF = YES;
				CLANG_WARN_OBJC_LITERAL_CONVERSION = YES;
				CLANG_WARN_OBJC_ROOT_CLASS = YES_ERROR;
				CLANG_WARN_QUOTED_INCLUDE_IN_FRAMEWORK_HEADER = YES;
				CLANG_WARN_RANGE_LOOP_ANALYSIS = YES;
				CLANG_WARN_STRICT_PROTOTYPES = YES;
				CLANG_WARN_SUSPICIOUS_MOVE = YES;
				CLANG_WARN_UNGUARDED_AVAILABILITY = YES_AGGRESSIVE;
				CLANG_WARN_UNREACHABLE_CODE = YES;
				CLANG_WARN__DUPLICATE_METHOD_MATCH = YES;
				COPY_PHASE_STRIP = NO;
				DEBUG_INFORMATION_FORMAT = dwarf;
				ENABLE_STRICT_OBJC_MSGSEND = YES;
				ENABLE_TESTABILITY = YES;
				GCC_C_LANGUAGE_STANDARD = gnu11;
				GCC_DYNAMIC_NO_PIC = NO;
				GCC_NO_COMMON_BLOCKS = YES;
				GCC_OPTIMIZATION_LEVEL = 0;
				GCC_PREPROCESSOR_DEFINITIONS = (
					"DEBUG=1",
					"$(inherited)",
				);
				GCC_WARN_64_TO_32_BIT_CONVERSION = YES;
				GCC_WARN_ABOUT_RETURN_TYPE = YES_ERROR;
				GCC_WARN_UNDECLARED_SELECTOR = YES;
				GCC_WARN_UNINITIALIZED_AUTOS = YES_AGGRESSIVE;
				GCC_WARN_UNUSED_FUNCTION = YES;
				GCC_WARN_UNUSED_VARIABLE = YES;
				MACOSX_DEPLOYMENT_TARGET = 12.6;
				MTL_ENABLE_DEBUG_INFO = INCLUDE_SOURCE;
				MTL_FAST_MATH = YES;
				ONLY_ACTIVE_ARCH = YES;
				SDKROOT = macosx;
			};
			name = Debug;
		};
		D8C36220297C238500851458 /* Release */ = {
			isa = XCBuildConfiguration;
			buildSettings = {
				ALWAYS_SEARCH_USER_PATHS = NO;
				CLANG_ANALYZER_NONNULL = YES;
				CLANG_ANALYZER_NUMBER_OBJECT_CONVERSION = YES_AGGRESSIVE;
				CLANG_CXX_LANGUAGE_STANDARD = "gnu++20";
				CLANG_ENABLE_MODULES = YES;
				CLANG_ENABLE_OBJC_ARC = YES;
				CLANG_ENABLE_OBJC_WEAK = YES;
				CLANG_WARN_BLOCK_CAPTURE_AUTORELEASING = YES;
				CLANG_WARN_BOOL_CONVERSION = YES;
				CLANG_WARN_COMMA = YES;
				CLANG_WARN_CONSTANT_CONVERSION = YES;
				CLANG_WARN_DEPRECATED_OBJC_IMPLEMENTATIONS = YES;
				CLANG_WARN_DIRECT_OBJC_ISA_USAGE = YES_ERROR;
				CLANG_WARN_DOCUMENTATION_COMMENTS = YES;
				CLANG_WARN_EMPTY_BODY = YES;
				CLANG_WARN_ENUM_CONVERSION = YES;
				CLANG_WARN_INFINITE_RECURSION = YES;
				CLANG_WARN_INT_CONVERSION = YES;
				CLANG_WARN_NON_LITERAL_NULL_CONVERSION = YES;
				CLANG_WARN_OBJC_IMPLICIT_RETAIN_SELF = YES;
				CLANG_WARN_OBJC_LITERAL_CONVERSION = YES;
				CLANG_WARN_OBJC_ROOT_CLASS = YES_ERROR;
				CLANG_WARN_QUOTED_INCLUDE_IN_FRAMEWORK_HEADER = YES;
				CLANG_WARN_RANGE_LOOP_ANALYSIS = YES;
				CLANG_WARN_STRICT_PROTOTYPES = YES;
				CLANG_WARN_SUSPICIOUS_MOVE = YES;
				CLANG_WARN_UNGUARDED_AVAILABILITY = YES_AGGRESSIVE;
				CLANG_WARN_UNREACHABLE_CODE = YES;
				CLANG_WARN__DUPLICATE_METHOD_MATCH = YES;
				COPY_PHASE_STRIP = NO;
				DEBUG_INFORMATION_FORMAT = "dwarf-with-dsym";
				ENABLE_NS_ASSERTIONS = NO;
				ENABLE_STRICT_OBJC_MSGSEND = YES;
				GCC_C_LANGUAGE_STANDARD = gnu11;
				GCC_NO_COMMON_BLOCKS = YES;
				GCC_WARN_64_TO_32_BIT_CONVERSION = YES;
				GCC_WARN_ABOUT_RETURN_TYPE = YES_ERROR;
				GCC_WARN_UNDECLARED_SELECTOR = YES;
				GCC_WARN_UNINITIALIZED_AUTOS = YES_AGGRESSIVE;
				GCC_WARN_UNUSED_FUNCTION = YES;
				GCC_WARN_UNUSED_VARIABLE = YES;
				MACOSX_DEPLOYMENT_TARGET = 12.6;
				MTL_ENABLE_DEBUG_INFO = NO;
				MTL_FAST_MATH = YES;
				SDKROOT = macosx;
			};
			name = Release;
		};
		D8C36222297C238500851458 /* Debug */ = {
			isa = XCBuildConfiguration;
			buildSettings = {
				CODE_SIGN_STYLE = Automatic;
				DEVELOPMENT_TEAM = 2FUVA5JXY5;
				ENABLE_HARDENED_RUNTIME = YES;
				PRODUCT_NAME = "$(TARGET_NAME)";
			};
			name = Debug;
		};
		D8C36223297C238500851458 /* Release */ = {
			isa = XCBuildConfiguration;
			buildSettings = {
				CODE_SIGN_STYLE = Automatic;
				DEVELOPMENT_TEAM = 2FUVA5JXY5;
				ENABLE_HARDENED_RUNTIME = YES;
				PRODUCT_NAME = "$(TARGET_NAME)";
			};
			name = Release;
		};
/* End XCBuildConfiguration section */

/* Begin XCConfigurationList section */
		D8C36215297C238500851458 /* Build configuration list for PBXProject "MyAddressBook" */ = {
			isa = XCConfigurationList;
			buildConfigurations = (
				D8C3621F297C238500851458 /* Debug */,
				D8C36220297C238500851458 /* Release */,
			);
			defaultConfigurationIsVisible = 0;
			defaultConfigurationName = Release;
		};
		D8C36221297C238500851458 /* Build configuration list for PBXNativeTarget "MyAddressBook" */ = {
			isa = XCConfigurationList;
			buildConfigurations = (
				D8C36222297C238500851458 /* Debug */,
				D8C36223297C238500851458 /* Release */,
			);
			defaultConfigurationIsVisible = 0;
			defaultConfigurationName = Release;
		};
/* End XCConfigurationList section */
	};
	rootObject = D8C36212297C238500851458 /* Project object */;
}
