// !$*UTF8*$!
{
	archiveVersion = 1;
	classes = {
	};
	objectVersion = 56;
	objects = {

/* Begin PBXBuildFile section */
		D847AA6F29FC563000A9ED35 /* main.m in Sources */ = {isa = PBXBuildFile; fileRef = D847AA6E29FC563000A9ED35 /* main.m */; };
		D847AA7729FC581900A9ED35 /* int_roman_converter.cc in Sources */ = {isa = PBXBuildFile; fileRef = D847AA7629FC581900A9ED35 /* int_roman_converter.cc */; };
		D847AA7A29FC586000A9ED35 /* converter_wrapper.mm in Sources */ = {isa = PBXBuildFile; fileRef = D847AA7929FC586000A9ED35 /* converter_wrapper.mm */; };
		D84DFCD629FDA931006E57F8 /* TestFile.m in Sources */ = {isa = PBXBuildFile; fileRef = D84DFCD529FDA931006E57F8 /* TestFile.m */; };
/* End PBXBuildFile section */

/* Begin PBXCopyFilesBuildPhase section */
		D847AA6929FC563000A9ED35 /* CopyFiles */ = {
			isa = PBXCopyFilesBuildPhase;
			buildActionMask = 2147483647;
			dstPath = /usr/share/man/man1/;
			dstSubfolderSpec = 0;
			files = (
			);
			runOnlyForDeploymentPostprocessing = 1;
		};
/* End PBXCopyFilesBuildPhase section */

/* Begin PBXFileReference section */
		D847AA6B29FC563000A9ED35 /* 02_wrapper_test */ = {isa = PBXFileReference; explicitFileType = "compiled.mach-o.executable"; includeInIndex = 0; path = 02_wrapper_test; sourceTree = BUILT_PRODUCTS_DIR; };
		D847AA6E29FC563000A9ED35 /* main.m */ = {isa = PBXFileReference; lastKnownFileType = sourcecode.c.objc; path = main.m; sourceTree = "<group>"; };
		D847AA7529FC580C00A9ED35 /* int_roman_converter.h */ = {isa = PBXFileReference; fileEncoding = 4; lastKnownFileType = sourcecode.c.h; name = int_roman_converter.h; path = ../../01_cpp_console/int_roman_converter.h; sourceTree = "<group>"; };
		D847AA7629FC581900A9ED35 /* int_roman_converter.cc */ = {isa = PBXFileReference; fileEncoding = 4; lastKnownFileType = sourcecode.cpp.cpp; name = int_roman_converter.cc; path = ../../01_cpp_console/int_roman_converter.cc; sourceTree = "<group>"; };
		D847AA7829FC583100A9ED35 /* converter_wrapper.h */ = {isa = PBXFileReference; lastKnownFileType = sourcecode.c.h; path = converter_wrapper.h; sourceTree = "<group>"; };
		D847AA7929FC586000A9ED35 /* converter_wrapper.mm */ = {isa = PBXFileReference; lastKnownFileType = sourcecode.cpp.objcpp; path = converter_wrapper.mm; sourceTree = "<group>"; };
		D84DFCD429FDA914006E57F8 /* TestValue.h */ = {isa = PBXFileReference; lastKnownFileType = sourcecode.c.h; path = TestValue.h; sourceTree = "<group>"; };
		D84DFCD529FDA931006E57F8 /* TestFile.m */ = {isa = PBXFileReference; lastKnownFileType = sourcecode.c.objc; path = TestFile.m; sourceTree = "<group>"; };
/* End PBXFileReference section */

/* Begin PBXFrameworksBuildPhase section */
		D847AA6829FC563000A9ED35 /* Frameworks */ = {
			isa = PBXFrameworksBuildPhase;
			buildActionMask = 2147483647;
			files = (
			);
			runOnlyForDeploymentPostprocessing = 0;
		};
/* End PBXFrameworksBuildPhase section */

/* Begin PBXGroup section */
		D847AA6229FC563000A9ED35 = {
			isa = PBXGroup;
			children = (
				D847AA6D29FC563000A9ED35 /* 02_wrapper_test */,
				D847AA6C29FC563000A9ED35 /* Products */,
			);
			sourceTree = "<group>";
		};
		D847AA6C29FC563000A9ED35 /* Products */ = {
			isa = PBXGroup;
			children = (
				D847AA6B29FC563000A9ED35 /* 02_wrapper_test */,
			);
			name = Products;
			sourceTree = "<group>";
		};
		D847AA6D29FC563000A9ED35 /* 02_wrapper_test */ = {
			isa = PBXGroup;
			children = (
				D847AA7829FC583100A9ED35 /* converter_wrapper.h */,
				D847AA7929FC586000A9ED35 /* converter_wrapper.mm */,
				D847AA6E29FC563000A9ED35 /* main.m */,
				D847AA7629FC581900A9ED35 /* int_roman_converter.cc */,
				D847AA7529FC580C00A9ED35 /* int_roman_converter.h */,
				D84DFCD429FDA914006E57F8 /* TestValue.h */,
				D84DFCD529FDA931006E57F8 /* TestFile.m */,
			);
			path = 02_wrapper_test;
			sourceTree = "<group>";
		};
/* End PBXGroup section */

/* Begin PBXNativeTarget section */
		D847AA6A29FC563000A9ED35 /* 02_wrapper_test */ = {
			isa = PBXNativeTarget;
			buildConfigurationList = D847AA7229FC563000A9ED35 /* Build configuration list for PBXNativeTarget "02_wrapper_test" */;
			buildPhases = (
				D847AA6729FC563000A9ED35 /* Sources */,
				D847AA6829FC563000A9ED35 /* Frameworks */,
				D847AA6929FC563000A9ED35 /* CopyFiles */,
			);
			buildRules = (
			);
			dependencies = (
			);
			name = 02_wrapper_test;
			productName = 02_wrapper_test;
			productReference = D847AA6B29FC563000A9ED35 /* 02_wrapper_test */;
			productType = "com.apple.product-type.tool";
		};
/* End PBXNativeTarget section */

/* Begin PBXProject section */
		D847AA6329FC563000A9ED35 /* Project object */ = {
			isa = PBXProject;
			attributes = {
				BuildIndependentTargetsInParallel = 1;
				LastUpgradeCheck = 1420;
				TargetAttributes = {
					D847AA6A29FC563000A9ED35 = {
						CreatedOnToolsVersion = 14.2;
					};
				};
			};
			buildConfigurationList = D847AA6629FC563000A9ED35 /* Build configuration list for PBXProject "02_wrapper_test" */;
			compatibilityVersion = "Xcode 14.0";
			developmentRegion = en;
			hasScannedForEncodings = 0;
			knownRegions = (
				en,
				Base,
			);
			mainGroup = D847AA6229FC563000A9ED35;
			productRefGroup = D847AA6C29FC563000A9ED35 /* Products */;
			projectDirPath = "";
			projectRoot = "";
			targets = (
				D847AA6A29FC563000A9ED35 /* 02_wrapper_test */,
			);
		};
/* End PBXProject section */

/* Begin PBXSourcesBuildPhase section */
		D847AA6729FC563000A9ED35 /* Sources */ = {
			isa = PBXSourcesBuildPhase;
			buildActionMask = 2147483647;
			files = (
				D847AA7729FC581900A9ED35 /* int_roman_converter.cc in Sources */,
				D84DFCD629FDA931006E57F8 /* TestFile.m in Sources */,
				D847AA6F29FC563000A9ED35 /* main.m in Sources */,
				D847AA7A29FC586000A9ED35 /* converter_wrapper.mm in Sources */,
			);
			runOnlyForDeploymentPostprocessing = 0;
		};
/* End PBXSourcesBuildPhase section */

/* Begin XCBuildConfiguration section */
		D847AA7029FC563000A9ED35 /* Debug */ = {
			isa = XCBuildConfiguration;
			buildSettings = {
				ALWAYS_SEARCH_USER_PATHS = NO;
				CLANG_ANALYZER_NONNULL = YES;
				CLANG_ANALYZER_NUMBER_OBJECT_CONVERSION = YES_AGGRESSIVE;
				CLANG_CXX_LANGUAGE_STANDARD = "gnu++20";
				CLANG_ENABLE_MODULES = YES;
				CLANG_ENABLE_OBJC_ARC = YES;
				CLANG_ENABLE_OBJC_WEAK = YES;
				CLANG_WARN_BLOCK_CAPTURE_AUTORELEASING = YES;
				CLANG_WARN_BOOL_CONVERSION = YES;
				CLANG_WARN_COMMA = YES;
				CLANG_WARN_CONSTANT_CONVERSION = YES;
				CLANG_WARN_DEPRECATED_OBJC_IMPLEMENTATIONS = YES;
				CLANG_WARN_DIRECT_OBJC_ISA_USAGE = YES_ERROR;
				CLANG_WARN_DOCUMENTATION_COMMENTS = YES;
				CLANG_WARN_EMPTY_BODY = YES;
				CLANG_WARN_ENUM_CONVERSION = YES;
				CLANG_WARN_INFINITE_RECURSION = YES;
				CLANG_WARN_INT_CONVERSION = YES;
				CLANG_WARN_NON_LITERAL_NULL_CONVERSION = YES;
				CLANG_WARN_OBJC_IMPLICIT_RETAIN_SELF = YES;
				CLANG_WARN_OBJC_LITERAL_CONVERSION = YES;
				CLANG_WARN_OBJC_ROOT_CLASS = YES_ERROR;
				CLANG_WARN_QUOTED_INCLUDE_IN_FRAMEWORK_HEADER = YES;
				CLANG_WARN_RANGE_LOOP_ANALYSIS = YES;
				CLANG_WARN_STRICT_PROTOTYPES = YES;
				CLANG_WARN_SUSPICIOUS_MOVE = YES;
				CLANG_WARN_UNGUARDED_AVAILABILITY = YES_AGGRESSIVE;
				CLANG_WARN_UNREACHABLE_CODE = YES;
				CLANG_WARN__DUPLICATE_METHOD_MATCH = YES;
				COPY_PHASE_STRIP = NO;
				DEBUG_INFORMATION_FORMAT = dwarf;
				ENABLE_STRICT_OBJC_MSGSEND = YES;
				ENABLE_TESTABILITY = YES;
				GCC_C_LANGUAGE_STANDARD = gnu11;
				GCC_DYNAMIC_NO_PIC = NO;
				GCC_NO_COMMON_BLOCKS = YES;
				GCC_OPTIMIZATION_LEVEL = 0;
				GCC_PREPROCESSOR_DEFINITIONS = (
					"DEBUG=1",
					"$(inherited)",
				);
				GCC_WARN_64_TO_32_BIT_CONVERSION = YES;
				GCC_WARN_ABOUT_RETURN_TYPE = YES_ERROR;
				GCC_WARN_UNDECLARED_SELECTOR = YES;
				GCC_WARN_UNINITIALIZED_AUTOS = YES_AGGRESSIVE;
				GCC_WARN_UNUSED_FUNCTION = YES;
				GCC_WARN_UNUSED_VARIABLE = YES;
				MACOSX_DEPLOYMENT_TARGET = 12.6;
				MTL_ENABLE_DEBUG_INFO = INCLUDE_SOURCE;
				MTL_FAST_MATH = YES;
				ONLY_ACTIVE_ARCH = YES;
				SDKROOT = macosx;
			};
			name = Debug;
		};
		D847AA7129FC563000A9ED35 /* Release */ = {
			isa = XCBuildConfiguration;
			buildSettings = {
				ALWAYS_SEARCH_USER_PATHS = NO;
				CLANG_ANALYZER_NONNULL = YES;
				CLANG_ANALYZER_NUMBER_OBJECT_CONVERSION = YES_AGGRESSIVE;
				CLANG_CXX_LANGUAGE_STANDARD = "gnu++20";
				CLANG_ENABLE_MODULES = YES;
				CLANG_ENABLE_OBJC_ARC = YES;
				CLANG_ENABLE_OBJC_WEAK = YES;
				CLANG_WARN_BLOCK_CAPTURE_AUTORELEASING = YES;
				CLANG_WARN_BOOL_CONVERSION = YES;
				CLANG_WARN_COMMA = YES;
				CLANG_WARN_CONSTANT_CONVERSION = YES;
				CLANG_WARN_DEPRECATED_OBJC_IMPLEMENTATIONS = YES;
				CLANG_WARN_DIRECT_OBJC_ISA_USAGE = YES_ERROR;
				CLANG_WARN_DOCUMENTATION_COMMENTS = YES;
				CLANG_WARN_EMPTY_BODY = YES;
				CLANG_WARN_ENUM_CONVERSION = YES;
				CLANG_WARN_INFINITE_RECURSION = YES;
				CLANG_WARN_INT_CONVERSION = YES;
				CLANG_WARN_NON_LITERAL_NULL_CONVERSION = YES;
				CLANG_WARN_OBJC_IMPLICIT_RETAIN_SELF = YES;
				CLANG_WARN_OBJC_LITERAL_CONVERSION = YES;
				CLANG_WARN_OBJC_ROOT_CLASS = YES_ERROR;
				CLANG_WARN_QUOTED_INCLUDE_IN_FRAMEWORK_HEADER = YES;
				CLANG_WARN_RANGE_LOOP_ANALYSIS = YES;
				CLANG_WARN_STRICT_PROTOTYPES = YES;
				CLANG_WARN_SUSPICIOUS_MOVE = YES;
				CLANG_WARN_UNGUARDED_AVAILABILITY = YES_AGGRESSIVE;
				CLANG_WARN_UNREACHABLE_CODE = YES;
				CLANG_WARN__DUPLICATE_METHOD_MATCH = YES;
				COPY_PHASE_STRIP = NO;
				DEBUG_INFORMATION_FORMAT = "dwarf-with-dsym";
				ENABLE_NS_ASSERTIONS = NO;
				ENABLE_STRICT_OBJC_MSGSEND = YES;
				GCC_C_LANGUAGE_STANDARD = gnu11;
				GCC_NO_COMMON_BLOCKS = YES;
				GCC_WARN_64_TO_32_BIT_CONVERSION = YES;
				GCC_WARN_ABOUT_RETURN_TYPE = YES_ERROR;
				GCC_WARN_UNDECLARED_SELECTOR = YES;
				GCC_WARN_UNINITIALIZED_AUTOS = YES_AGGRESSIVE;
				GCC_WARN_UNUSED_FUNCTION = YES;
				GCC_WARN_UNUSED_VARIABLE = YES;
				MACOSX_DEPLOYMENT_TARGET = 12.6;
				MTL_ENABLE_DEBUG_INFO = NO;
				MTL_FAST_MATH = YES;
				SDKROOT = macosx;
			};
			name = Release;
		};
		D847AA7329FC563000A9ED35 /* Debug */ = {
			isa = XCBuildConfiguration;
			buildSettings = {
				CODE_SIGN_STYLE = Automatic;
				DEVELOPMENT_TEAM = 2FUVA5JXY5;
				ENABLE_HARDENED_RUNTIME = YES;
				PRODUCT_NAME = "$(TARGET_NAME)";
			};
			name = Debug;
		};
		D847AA7429FC563000A9ED35 /* Release */ = {
			isa = XCBuildConfiguration;
			buildSettings = {
				CODE_SIGN_STYLE = Automatic;
				DEVELOPMENT_TEAM = 2FUVA5JXY5;
				ENABLE_HARDENED_RUNTIME = YES;
				PRODUCT_NAME = "$(TARGET_NAME)";
			};
			name = Release;
		};
/* End XCBuildConfiguration section */

/* Begin XCConfigurationList section */
		D847AA6629FC563000A9ED35 /* Build configuration list for PBXProject "02_wrapper_test" */ = {
			isa = XCConfigurationList;
			buildConfigurations = (
				D847AA7029FC563000A9ED35 /* Debug */,
				D847AA7129FC563000A9ED35 /* Release */,
			);
			defaultConfigurationIsVisible = 0;
			defaultConfigurationName = Release;
		};
		D847AA7229FC563000A9ED35 /* Build configuration list for PBXNativeTarget "02_wrapper_test" */ = {
			isa = XCConfigurationList;
			buildConfigurations = (
				D847AA7329FC563000A9ED35 /* Debug */,
				D847AA7429FC563000A9ED35 /* Release */,
			);
			defaultConfigurationIsVisible = 0;
			defaultConfigurationName = Release;
		};
/* End XCConfigurationList section */
	};
	rootObject = D847AA6329FC563000A9ED35 /* Project object */;
}
